// !$*UTF8*$!
{
	archiveVersion = 1;
	classes = {
	};
	objectVersion = 55;
	objects = {

/* Begin PBXBuildFile section */
		CC508A0327C664D500FCB8B5 /* ButonLogout.swift in Sources */ = {isa = PBXBuildFile; fileRef = CC508A0227C664D500FCB8B5 /* ButonLogout.swift */; };
		CC508A0527C6652600FCB8B5 /* ButonView.swift in Sources */ = {isa = PBXBuildFile; fileRef = CC508A0427C6652600FCB8B5 /* ButonView.swift */; };
		CC508A0727C6A07E00FCB8B5 /* KeyStorage.swift in Sources */ = {isa = PBXBuildFile; fileRef = CC508A0627C6A07E00FCB8B5 /* KeyStorage.swift */; };
		CC88B8A127C4E1D600858B11 /* StateAndDataFlowApp.swift in Sources */ = {isa = PBXBuildFile; fileRef = CC88B8A027C4E1D600858B11 /* StateAndDataFlowApp.swift */; };
		CC88B8A327C4E1D600858B11 /* ContentView.swift in Sources */ = {isa = PBXBuildFile; fileRef = CC88B8A227C4E1D600858B11 /* ContentView.swift */; };
		CC88B8A527C4E1D900858B11 /* Assets.xcassets in Resources */ = {isa = PBXBuildFile; fileRef = CC88B8A427C4E1D900858B11 /* Assets.xcassets */; };
		CC88B8A827C4E1D900858B11 /* Preview Assets.xcassets in Resources */ = {isa = PBXBuildFile; fileRef = CC88B8A727C4E1D900858B11 /* Preview Assets.xcassets */; };
		CC88B8AF27C4F0FA00858B11 /* TimeCounter.swift in Sources */ = {isa = PBXBuildFile; fileRef = CC88B8AE27C4F0FA00858B11 /* TimeCounter.swift */; };
		CC88B8B127C500F800858B11 /* RegisterView.swift in Sources */ = {isa = PBXBuildFile; fileRef = CC88B8B027C500F800858B11 /* RegisterView.swift */; };
		CC88B8B327C502DE00858B11 /* UserManager.swift in Sources */ = {isa = PBXBuildFile; fileRef = CC88B8B227C502DE00858B11 /* UserManager.swift */; };
		CC88B8B527C504E300858B11 /* StarterView.swift in Sources */ = {isa = PBXBuildFile; fileRef = CC88B8B427C504E300858B11 /* StarterView.swift */; };
/* End PBXBuildFile section */

/* Begin PBXFileReference section */
		CC508A0227C664D500FCB8B5 /* ButonLogout.swift */ = {isa = PBXFileReference; lastKnownFileType = sourcecode.swift; path = ButonLogout.swift; sourceTree = "<group>"; };
		CC508A0427C6652600FCB8B5 /* ButonView.swift */ = {isa = PBXFileReference; lastKnownFileType = sourcecode.swift; path = ButonView.swift; sourceTree = "<group>"; };
		CC508A0627C6A07E00FCB8B5 /* KeyStorage.swift */ = {isa = PBXFileReference; lastKnownFileType = sourcecode.swift; path = KeyStorage.swift; sourceTree = "<group>"; };
		CC88B89D27C4E1D600858B11 /* StateAndDataFlow.app */ = {isa = PBXFileReference; explicitFileType = wrapper.application; includeInIndex = 0; path = StateAndDataFlow.app; sourceTree = BUILT_PRODUCTS_DIR; };
		CC88B8A027C4E1D600858B11 /* StateAndDataFlowApp.swift */ = {isa = PBXFileReference; lastKnownFileType = sourcecode.swift; path = StateAndDataFlowApp.swift; sourceTree = "<group>"; };
		CC88B8A227C4E1D600858B11 /* ContentView.swift */ = {isa = PBXFileReference; lastKnownFileType = sourcecode.swift; path = ContentView.swift; sourceTree = "<group>"; };
		CC88B8A427C4E1D900858B11 /* Assets.xcassets */ = {isa = PBXFileReference; lastKnownFileType = folder.assetcatalog; path = Assets.xcassets; sourceTree = "<group>"; };
		CC88B8A727C4E1D900858B11 /* Preview Assets.xcassets */ = {isa = PBXFileReference; lastKnownFileType = folder.assetcatalog; path = "Preview Assets.xcassets"; sourceTree = "<group>"; };
		CC88B8AE27C4F0FA00858B11 /* TimeCounter.swift */ = {isa = PBXFileReference; lastKnownFileType = sourcecode.swift; path = TimeCounter.swift; sourceTree = "<group>"; };
		CC88B8B027C500F800858B11 /* RegisterView.swift */ = {isa = PBXFileReference; lastKnownFileType = sourcecode.swift; path = RegisterView.swift; sourceTree = "<group>"; };
		CC88B8B227C502DE00858B11 /* UserManager.swift */ = {isa = PBXFileReference; lastKnownFileType = sourcecode.swift; path = UserManager.swift; sourceTree = "<group>"; };
		CC88B8B427C504E300858B11 /* StarterView.swift */ = {isa = PBXFileReference; lastKnownFileType = sourcecode.swift; path = StarterView.swift; sourceTree = "<group>"; };
/* End PBXFileReference section */

/* Begin PBXFrameworksBuildPhase section */
		CC88B89A27C4E1D600858B11 /* Frameworks */ = {
			isa = PBXFrameworksBuildPhase;
			buildActionMask = 2147483647;
			files = (
			);
			runOnlyForDeploymentPostprocessing = 0;
		};
/* End PBXFrameworksBuildPhase section */

/* Begin PBXGroup section */
		CC508A0127C664C200FCB8B5 /* Views */ = {
			isa = PBXGroup;
			children = (
				CC508A0227C664D500FCB8B5 /* ButonLogout.swift */,
				CC508A0427C6652600FCB8B5 /* ButonView.swift */,
			);
			path = Views;
			sourceTree = "<group>";
		};
		CC88B89427C4E1D600858B11 = {
			isa = PBXGroup;
			children = (
				CC88B89F27C4E1D600858B11 /* StateAndDataFlow */,
				CC88B89E27C4E1D600858B11 /* Products */,
			);
			sourceTree = "<group>";
		};
		CC88B89E27C4E1D600858B11 /* Products */ = {
			isa = PBXGroup;
			children = (
				CC88B89D27C4E1D600858B11 /* StateAndDataFlow.app */,
			);
			name = Products;
			sourceTree = "<group>";
		};
		CC88B89F27C4E1D600858B11 /* StateAndDataFlow */ = {
			isa = PBXGroup;
			children = (
				CC508A0127C664C200FCB8B5 /* Views */,
				CC88B8A027C4E1D600858B11 /* StateAndDataFlowApp.swift */,
				CC88B8A227C4E1D600858B11 /* ContentView.swift */,
				CC88B8AE27C4F0FA00858B11 /* TimeCounter.swift */,
				CC88B8B027C500F800858B11 /* RegisterView.swift */,
				CC88B8B227C502DE00858B11 /* UserManager.swift */,
				CC88B8B427C504E300858B11 /* StarterView.swift */,
				CC508A0627C6A07E00FCB8B5 /* KeyStorage.swift */,
				CC88B8A427C4E1D900858B11 /* Assets.xcassets */,
				CC88B8A627C4E1D900858B11 /* Preview Content */,
			);
			path = StateAndDataFlow;
			sourceTree = "<group>";
		};
		CC88B8A627C4E1D900858B11 /* Preview Content */ = {
			isa = PBXGroup;
			children = (
				CC88B8A727C4E1D900858B11 /* Preview Assets.xcassets */,
			);
			path = "Preview Content";
			sourceTree = "<group>";
		};
/* End PBXGroup section */

/* Begin PBXNativeTarget section */
		CC88B89C27C4E1D600858B11 /* StateAndDataFlow */ = {
			isa = PBXNativeTarget;
			buildConfigurationList = CC88B8AB27C4E1D900858B11 /* Build configuration list for PBXNativeTarget "StateAndDataFlow" */;
			buildPhases = (
				CC88B89927C4E1D600858B11 /* Sources */,
				CC88B89A27C4E1D600858B11 /* Frameworks */,
				CC88B89B27C4E1D600858B11 /* Resources */,
			);
			buildRules = (
			);
			dependencies = (
			);
			name = StateAndDataFlow;
			productName = StateAndDataFlow;
			productReference = CC88B89D27C4E1D600858B11 /* StateAndDataFlow.app */;
			productType = "com.apple.product-type.application";
		};
/* End PBXNativeTarget section */

/* Begin PBXProject section */
		CC88B89527C4E1D600858B11 /* Project object */ = {
			isa = PBXProject;
			attributes = {
				BuildIndependentTargetsInParallel = 1;
				LastSwiftUpdateCheck = 1320;
				LastUpgradeCheck = 1320;
				TargetAttributes = {
					CC88B89C27C4E1D600858B11 = {
						CreatedOnToolsVersion = 13.2.1;
					};
				};
			};
			buildConfigurationList = CC88B89827C4E1D600858B11 /* Build configuration list for PBXProject "StateAndDataFlow" */;
			compatibilityVersion = "Xcode 13.0";
			developmentRegion = en;
			hasScannedForEncodings = 0;
			knownRegions = (
				en,
				Base,
			);
			mainGroup = CC88B89427C4E1D600858B11;
			productRefGroup = CC88B89E27C4E1D600858B11 /* Products */;
			projectDirPath = "";
			projectRoot = "";
			targets = (
				CC88B89C27C4E1D600858B11 /* StateAndDataFlow */,
			);
		};
/* End PBXProject section */

/* Begin PBXResourcesBuildPhase section */
		CC88B89B27C4E1D600858B11 /* Resources */ = {
			isa = PBXResourcesBuildPhase;
			buildActionMask = 2147483647;
			files = (
				CC88B8A827C4E1D900858B11 /* Preview Assets.xcassets in Resources */,
				CC88B8A527C4E1D900858B11 /* Assets.xcassets in Resources */,
			);
			runOnlyForDeploymentPostprocessing = 0;
		};
/* End PBXResourcesBuildPhase section */

/* Begin PBXSourcesBuildPhase section */
		CC88B89927C4E1D600858B11 /* Sources */ = {
			isa = PBXSourcesBuildPhase;
			buildActionMask = 2147483647;
			files = (
				CC88B8AF27C4F0FA00858B11 /* TimeCounter.swift in Sources */,
				CC88B8B127C500F800858B11 /* RegisterView.swift in Sources */,
				CC508A0327C664D500FCB8B5 /* ButonLogout.swift in Sources */,
				CC88B8B527C504E300858B11 /* StarterView.swift in Sources */,
				CC88B8A327C4E1D600858B11 /* ContentView.swift in Sources */,
				CC508A0727C6A07E00FCB8B5 /* KeyStorage.swift in Sources */,
				CC508A0527C6652600FCB8B5 /* ButonView.swift in Sources */,
				CC88B8B327C502DE00858B11 /* UserManager.swift in Sources */,
				CC88B8A127C4E1D600858B11 /* StateAndDataFlowApp.swift in Sources */,
			);
			runOnlyForDeploymentPostprocessing = 0;
		};
/* End PBXSourcesBuildPhase section */

/* Begin XCBuildConfiguration section */
		CC88B8A927C4E1D900858B11 /* Debug */ = {
			isa = XCBuildConfiguration;
			buildSettings = {
				ALWAYS_SEARCH_USER_PATHS = NO;
				CLANG_ANALYZER_NONNULL = YES;
				CLANG_ANALYZER_NUMBER_OBJECT_CONVERSION = YES_AGGRESSIVE;
				CLANG_CXX_LANGUAGE_STANDARD = "gnu++17";
				CLANG_CXX_LIBRARY = "libc++";
				CLANG_ENABLE_MODULES = YES;
				CLANG_ENABLE_OBJC_ARC = YES;
				CLANG_ENABLE_OBJC_WEAK = YES;
				CLANG_WARN_BLOCK_CAPTURE_AUTORELEASING = YES;
				CLANG_WARN_BOOL_CONVERSION = YES;
				CLANG_WARN_COMMA = YES;
				CLANG_WARN_CONSTANT_CONVERSION = YES;
				CLANG_WARN_DEPRECATED_OBJC_IMPLEMENTATIONS = YES;
				CLANG_WARN_DIRECT_OBJC_ISA_USAGE = YES_ERROR;
				CLANG_WARN_DOCUMENTATION_COMMENTS = YES;
				CLANG_WARN_EMPTY_BODY = YES;
				CLANG_WARN_ENUM_CONVERSION = YES;
				CLANG_WARN_INFINITE_RECURSION = YES;
				CLANG_WARN_INT_CONVERSION = YES;
				CLANG_WARN_NON_LITERAL_NULL_CONVERSION = YES;
				CLANG_WARN_OBJC_IMPLICIT_RETAIN_SELF = YES;
				CLANG_WARN_OBJC_LITERAL_CONVERSION = YES;
				CLANG_WARN_OBJC_ROOT_CLASS = YES_ERROR;
				CLANG_WARN_QUOTED_INCLUDE_IN_FRAMEWORK_HEADER = YES;
				CLANG_WARN_RANGE_LOOP_ANALYSIS = YES;
				CLANG_WARN_STRICT_PROTOTYPES = YES;
				CLANG_WARN_SUSPICIOUS_MOVE = YES;
				CLANG_WARN_UNGUARDED_AVAILABILITY = YES_AGGRESSIVE;
				CLANG_WARN_UNREACHABLE_CODE = YES;
				CLANG_WARN__DUPLICATE_METHOD_MATCH = YES;
				COPY_PHASE_STRIP = NO;
				DEBUG_INFORMATION_FORMAT = dwarf;
				ENABLE_STRICT_OBJC_MSGSEND = YES;
				ENABLE_TESTABILITY = YES;
				GCC_C_LANGUAGE_STANDARD = gnu11;
				GCC_DYNAMIC_NO_PIC = NO;
				GCC_NO_COMMON_BLOCKS = YES;
				GCC_OPTIMIZATION_LEVEL = 0;
				GCC_PREPROCESSOR_DEFINITIONS = (
					"DEBUG=1",
					"$(inherited)",
				);
				GCC_WARN_64_TO_32_BIT_CONVERSION = YES;
				GCC_WARN_ABOUT_RETURN_TYPE = YES_ERROR;
				GCC_WARN_UNDECLARED_SELECTOR = YES;
				GCC_WARN_UNINITIALIZED_AUTOS = YES_AGGRESSIVE;
				GCC_WARN_UNUSED_FUNCTION = YES;
				GCC_WARN_UNUSED_VARIABLE = YES;
				IPHONEOS_DEPLOYMENT_TARGET = 15.2;
				MTL_ENABLE_DEBUG_INFO = INCLUDE_SOURCE;
				MTL_FAST_MATH = YES;
				ONLY_ACTIVE_ARCH = YES;
				SDKROOT = iphoneos;
				SWIFT_ACTIVE_COMPILATION_CONDITIONS = DEBUG;
				SWIFT_OPTIMIZATION_LEVEL = "-Onone";
			};
			name = Debug;
		};
		CC88B8AA27C4E1D900858B11 /* Release */ = {
			isa = XCBuildConfiguration;
			buildSettings = {
				ALWAYS_SEARCH_USER_PATHS = NO;
				CLANG_ANALYZER_NONNULL = YES;
				CLANG_ANALYZER_NUMBER_OBJECT_CONVERSION = YES_AGGRESSIVE;
				CLANG_CXX_LANGUAGE_STANDARD = "gnu++17";
				CLANG_CXX_LIBRARY = "libc++";
				CLANG_ENABLE_MODULES = YES;
				CLANG_ENABLE_OBJC_ARC = YES;
				CLANG_ENABLE_OBJC_WEAK = YES;
				CLANG_WARN_BLOCK_CAPTURE_AUTORELEASING = YES;
				CLANG_WARN_BOOL_CONVERSION = YES;
				CLANG_WARN_COMMA = YES;
				CLANG_WARN_CONSTANT_CONVERSION = YES;
				CLANG_WARN_DEPRECATED_OBJC_IMPLEMENTATIONS = YES;
				CLANG_WARN_DIRECT_OBJC_ISA_USAGE = YES_ERROR;
				CLANG_WARN_DOCUMENTATION_COMMENTS = YES;
				CLANG_WARN_EMPTY_BODY = YES;
				CLANG_WARN_ENUM_CONVERSION = YES;
				CLANG_WARN_INFINITE_RECURSION = YES;
				CLANG_WARN_INT_CONVERSION = YES;
				CLANG_WARN_NON_LITERAL_NULL_CONVERSION = YES;
				CLANG_WARN_OBJC_IMPLICIT_RETAIN_SELF = YES;
				CLANG_WARN_OBJC_LITERAL_CONVERSION = YES;
				CLANG_WARN_OBJC_ROOT_CLASS = YES_ERROR;
				CLANG_WARN_QUOTED_INCLUDE_IN_FRAMEWORK_HEADER = YES;
				CLANG_WARN_RANGE_LOOP_ANALYSIS = YES;
				CLANG_WARN_STRICT_PROTOTYPES = YES;
				CLANG_WARN_SUSPICIOUS_MOVE = YES;
				CLANG_WARN_UNGUARDED_AVAILABILITY = YES_AGGRESSIVE;
				CLANG_WARN_UNREACHABLE_CODE = YES;
				CLANG_WARN__DUPLICATE_METHOD_MATCH = YES;
				COPY_PHASE_STRIP = NO;
				DEBUG_INFORMATION_FORMAT = "dwarf-with-dsym";
				ENABLE_NS_ASSERTIONS = NO;
				ENABLE_STRICT_OBJC_MSGSEND = YES;
				GCC_C_LANGUAGE_STANDARD = gnu11;
				GCC_NO_COMMON_BLOCKS = YES;
				GCC_WARN_64_TO_32_BIT_CONVERSION = YES;
				GCC_WARN_ABOUT_RETURN_TYPE = YES_ERROR;
				GCC_WARN_UNDECLARED_SELECTOR = YES;
				GCC_WARN_UNINITIALIZED_AUTOS = YES_AGGRESSIVE;
				GCC_WARN_UNUSED_FUNCTION = YES;
				GCC_WARN_UNUSED_VARIABLE = YES;
				IPHONEOS_DEPLOYMENT_TARGET = 15.2;
				MTL_ENABLE_DEBUG_INFO = NO;
				MTL_FAST_MATH = YES;
				SDKROOT = iphoneos;
				SWIFT_COMPILATION_MODE = wholemodule;
				SWIFT_OPTIMIZATION_LEVEL = "-O";
				VALIDATE_PRODUCT = YES;
			};
			name = Release;
		};
		CC88B8AC27C4E1D900858B11 /* Debug */ = {
			isa = XCBuildConfiguration;
			buildSettings = {
				ASSETCATALOG_COMPILER_APPICON_NAME = AppIcon;
				ASSETCATALOG_COMPILER_GLOBAL_ACCENT_COLOR_NAME = AccentColor;
				CODE_SIGN_STYLE = Automatic;
				CURRENT_PROJECT_VERSION = 1;
				DEVELOPMENT_ASSET_PATHS = "\"StateAndDataFlow/Preview Content\"";
				ENABLE_PREVIEWS = YES;
				GENERATE_INFOPLIST_FILE = YES;
				INFOPLIST_KEY_UIApplicationSceneManifest_Generation = YES;
				INFOPLIST_KEY_UIApplicationSupportsIndirectInputEvents = YES;
				INFOPLIST_KEY_UILaunchScreen_Generation = YES;
				INFOPLIST_KEY_UISupportedInterfaceOrientations_iPad = "UIInterfaceOrientationPortrait UIInterfaceOrientationPortraitUpsideDown UIInterfaceOrientationLandscapeLeft UIInterfaceOrientationLandscapeRight";
				INFOPLIST_KEY_UISupportedInterfaceOrientations_iPhone = "UIInterfaceOrientationPortrait UIInterfaceOrientationLandscapeLeft UIInterfaceOrientationLandscapeRight";
				LD_RUNPATH_SEARCH_PATHS = (
					"$(inherited)",
					"@executable_path/Frameworks",
				);
				MARKETING_VERSION = 1.0;
				PRODUCT_BUNDLE_IDENTIFIER = com.student.StateAndDataFlow;
				PRODUCT_NAME = "$(TARGET_NAME)";
				SWIFT_EMIT_LOC_STRINGS = YES;
				SWIFT_VERSION = 5.0;
				TARGETED_DEVICE_FAMILY = "1,2";
			};
			name = Debug;
		};
		CC88B8AD27C4E1D900858B11 /* Release */ = {
			isa = XCBuildConfiguration;
			buildSettings = {
				ASSETCATALOG_COMPILER_APPICON_NAME = AppIcon;
				ASSETCATALOG_COMPILER_GLOBAL_ACCENT_COLOR_NAME = AccentColor;
				CODE_SIGN_STYLE = Automatic;
				CURRENT_PROJECT_VERSION = 1;
				DEVELOPMENT_ASSET_PATHS = "\"StateAndDataFlow/Preview Content\"";
				ENABLE_PREVIEWS = YES;
				GENERATE_INFOPLIST_FILE = YES;
				INFOPLIST_KEY_UIApplicationSceneManifest_Generation = YES;
				INFOPLIST_KEY_UIApplicationSupportsIndirectInputEvents = YES;
				INFOPLIST_KEY_UILaunchScreen_Generation = YES;
				INFOPLIST_KEY_UISupportedInterfaceOrientations_iPad = "UIInterfaceOrientationPortrait UIInterfaceOrientationPortraitUpsideDown UIInterfaceOrientationLandscapeLeft UIInterfaceOrientationLandscapeRight";
				INFOPLIST_KEY_UISupportedInterfaceOrientations_iPhone = "UIInterfaceOrientationPortrait UIInterfaceOrientationLandscapeLeft UIInterfaceOrientationLandscapeRight";
				LD_RUNPATH_SEARCH_PATHS = (
					"$(inherited)",
					"@executable_path/Frameworks",
				);
				MARKETING_VERSION = 1.0;
				PRODUCT_BUNDLE_IDENTIFIER = com.student.StateAndDataFlow;
				PRODUCT_NAME = "$(TARGET_NAME)";
				SWIFT_EMIT_LOC_STRINGS = YES;
				SWIFT_VERSION = 5.0;
				TARGETED_DEVICE_FAMILY = "1,2";
			};
			name = Release;
		};
/* End XCBuildConfiguration section */

/* Begin XCConfigurationList section */
		CC88B89827C4E1D600858B11 /* Build configuration list for PBXProject "StateAndDataFlow" */ = {
			isa = XCConfigurationList;
			buildConfigurations = (
				CC88B8A927C4E1D900858B11 /* Debug */,
				CC88B8AA27C4E1D900858B11 /* Release */,
			);
			defaultConfigurationIsVisible = 0;
			defaultConfigurationName = Release;
		};
		CC88B8AB27C4E1D900858B11 /* Build configuration list for PBXNativeTarget "StateAndDataFlow" */ = {
			isa = XCConfigurationList;
			buildConfigurations = (
				CC88B8AC27C4E1D900858B11 /* Debug */,
				CC88B8AD27C4E1D900858B11 /* Release */,
			);
			defaultConfigurationIsVisible = 0;
			defaultConfigurationName = Release;
		};
/* End XCConfigurationList section */
	};
	rootObject = CC88B89527C4E1D600858B11 /* Project object */;
}
